PODS:
  - Alamofire (5.10.2)
  - TinyConstraints (4.0.2)

DEPENDENCIES:
  - Alamofire
  - TinyConstraints

SPEC REPOS:
  trunk:
    - Alamofire
    - TinyConstraints

SPEC CHECKSUMS:
  Alamofire: 7193b3b92c74a07f85569e1a6c4f4237291e7496
  TinyConstraints: 7b7ccc0c485bb3bb47082138ff28bc33cd49897f

PODFILE CHECKSUM: b52b6352c74eed5e838bdc18e061ea378b21b2f7

COCOAPODS: 1.15.2
