// !$*UTF8*$!
{
	archiveVersion = 1;
	classes = {
	};
	objectVersion = 56;
	objects = {

/* Begin PBXBuildFile section */
		103A6FC57165B513F47594D0 /* Pods_Technical_Exam_FCDI.framework in Frameworks */ = {isa = PBXBuildFile; fileRef = C8AFD7275CF57E0251F12BB3 /* Pods_Technical_Exam_FCDI.framework */; };
		5A2CA48D2D76FA27001987BF /* UserDetailsInputFieldView.swift in Sources */ = {isa = PBXBuildFile; fileRef = 5A2CA48C2D76FA27001987BF /* UserDetailsInputFieldView.swift */; };
		5A2F332F2D76F78000A8864F /* AppDelegate.swift in Sources */ = {isa = PBXBuildFile; fileRef = 5A2F332E2D76F78000A8864F /* AppDelegate.swift */; };
		5A2F33312D76F78000A8864F /* SceneDelegate.swift in Sources */ = {isa = PBXBuildFile; fileRef = 5A2F33302D76F78000A8864F /* SceneDelegate.swift */; };
		5A2F33332D76F78000A8864F /* UserDetailsViewController.swift in Sources */ = {isa = PBXBuildFile; fileRef = 5A2F33322D76F78000A8864F /* UserDetailsViewController.swift */; };
		5A2F33362D76F78000A8864F /* Main.storyboard in Resources */ = {isa = PBXBuildFile; fileRef = 5A2F33342D76F78000A8864F /* Main.storyboard */; };
		5A2F33382D76F78200A8864F /* Assets.xcassets in Resources */ = {isa = PBXBuildFile; fileRef = 5A2F33372D76F78200A8864F /* Assets.xcassets */; };
		5A2F333B2D76F78200A8864F /* LaunchScreen.storyboard in Resources */ = {isa = PBXBuildFile; fileRef = 5A2F33392D76F78200A8864F /* LaunchScreen.storyboard */; };
/* End PBXBuildFile section */

/* Begin PBXFileReference section */
		5A2CA48C2D76FA27001987BF /* UserDetailsInputFieldView.swift */ = {isa = PBXFileReference; lastKnownFileType = sourcecode.swift; path = UserDetailsInputFieldView.swift; sourceTree = "<group>"; };
		5A2F332B2D76F78000A8864F /* Technical Exam FCDI.app */ = {isa = PBXFileReference; explicitFileType = wrapper.application; includeInIndex = 0; path = "Technical Exam FCDI.app"; sourceTree = BUILT_PRODUCTS_DIR; };
		5A2F332E2D76F78000A8864F /* AppDelegate.swift */ = {isa = PBXFileReference; lastKnownFileType = sourcecode.swift; path = AppDelegate.swift; sourceTree = "<group>"; };
		5A2F33302D76F78000A8864F /* SceneDelegate.swift */ = {isa = PBXFileReference; lastKnownFileType = sourcecode.swift; path = SceneDelegate.swift; sourceTree = "<group>"; };
		5A2F33322D76F78000A8864F /* UserDetailsViewController.swift */ = {isa = PBXFileReference; lastKnownFileType = sourcecode.swift; path = UserDetailsViewController.swift; sourceTree = "<group>"; };
		5A2F33352D76F78000A8864F /* Base */ = {isa = PBXFileReference; lastKnownFileType = file.storyboard; name = Base; path = Base.lproj/Main.storyboard; sourceTree = "<group>"; };
		5A2F33372D76F78200A8864F /* Assets.xcassets */ = {isa = PBXFileReference; lastKnownFileType = folder.assetcatalog; path = Assets.xcassets; sourceTree = "<group>"; };
		5A2F333A2D76F78200A8864F /* Base */ = {isa = PBXFileReference; lastKnownFileType = file.storyboard; name = Base; path = Base.lproj/LaunchScreen.storyboard; sourceTree = "<group>"; };
		5A2F333C2D76F78200A8864F /* Info.plist */ = {isa = PBXFileReference; lastKnownFileType = text.plist.xml; path = Info.plist; sourceTree = "<group>"; };
		C8AFD7275CF57E0251F12BB3 /* Pods_Technical_Exam_FCDI.framework */ = {isa = PBXFileReference; explicitFileType = wrapper.framework; includeInIndex = 0; path = Pods_Technical_Exam_FCDI.framework; sourceTree = BUILT_PRODUCTS_DIR; };
		E71FB6E58E8EED16E293CC23 /* Pods-Technical Exam FCDI.release.xcconfig */ = {isa = PBXFileReference; includeInIndex = 1; lastKnownFileType = text.xcconfig; name = "Pods-Technical Exam FCDI.release.xcconfig"; path = "Target Support Files/Pods-Technical Exam FCDI/Pods-Technical Exam FCDI.release.xcconfig"; sourceTree = "<group>"; };
		E8C123CA15B888CB7F96DE4E /* Pods-Technical Exam FCDI.debug.xcconfig */ = {isa = PBXFileReference; includeInIndex = 1; lastKnownFileType = text.xcconfig; name = "Pods-Technical Exam FCDI.debug.xcconfig"; path = "Target Support Files/Pods-Technical Exam FCDI/Pods-Technical Exam FCDI.debug.xcconfig"; sourceTree = "<group>"; };
/* End PBXFileReference section */

/* Begin PBXFrameworksBuildPhase section */
		5A2F33282D76F78000A8864F /* Frameworks */ = {
			isa = PBXFrameworksBuildPhase;
			buildActionMask = 2147483647;
			files = (
				103A6FC57165B513F47594D0 /* Pods_Technical_Exam_FCDI.framework in Frameworks */,
			);
			runOnlyForDeploymentPostprocessing = 0;
		};
/* End PBXFrameworksBuildPhase section */

/* Begin PBXGroup section */
		2344E0E8A226274B63C8F103 /* Frameworks */ = {
			isa = PBXGroup;
			children = (
				C8AFD7275CF57E0251F12BB3 /* Pods_Technical_Exam_FCDI.framework */,
			);
			name = Frameworks;
			sourceTree = "<group>";
		};
		5A2CA48A2D76F932001987BF /* User Details */ = {
			isa = PBXGroup;
			children = (
				5A2CA48B2D76FA12001987BF /* Views */,
				5A2F33322D76F78000A8864F /* UserDetailsViewController.swift */,
			);
			path = "User Details";
			sourceTree = "<group>";
		};
		5A2CA48B2D76FA12001987BF /* Views */ = {
			isa = PBXGroup;
			children = (
				5A2CA48C2D76FA27001987BF /* UserDetailsInputFieldView.swift */,
			);
			path = Views;
			sourceTree = "<group>";
		};
		5A2F33222D76F78000A8864F = {
			isa = PBXGroup;
			children = (
				5A2F332D2D76F78000A8864F /* Technical Exam FCDI */,
				5A2F332C2D76F78000A8864F /* Products */,
				5F4732C8ACBE23B480B330A3 /* Pods */,
				2344E0E8A226274B63C8F103 /* Frameworks */,
			);
			sourceTree = "<group>";
		};
		5A2F332C2D76F78000A8864F /* Products */ = {
			isa = PBXGroup;
			children = (
				5A2F332B2D76F78000A8864F /* Technical Exam FCDI.app */,
			);
			name = Products;
			sourceTree = "<group>";
		};
		5A2F332D2D76F78000A8864F /* Technical Exam FCDI */ = {
			isa = PBXGroup;
			children = (
				5A2F33432D76F8A100A8864F /* Models */,
				5A2F33422D76F89B00A8864F /* Scenes */,
				5A2F332E2D76F78000A8864F /* AppDelegate.swift */,
				5A2F33302D76F78000A8864F /* SceneDelegate.swift */,
				5A2F33342D76F78000A8864F /* Main.storyboard */,
				5A2F33372D76F78200A8864F /* Assets.xcassets */,
				5A2F33392D76F78200A8864F /* LaunchScreen.storyboard */,
				5A2F333C2D76F78200A8864F /* Info.plist */,
			);
			path = "Technical Exam FCDI";
			sourceTree = "<group>";
		};
		5A2F33422D76F89B00A8864F /* Scenes */ = {
			isa = PBXGroup;
			children = (
				5A2CA48A2D76F932001987BF /* User Details */,
			);
			path = Scenes;
			sourceTree = "<group>";
		};
		5A2F33432D76F8A100A8864F /* Models */ = {
			isa = PBXGroup;
			children = (
			);
			path = Models;
			sourceTree = "<group>";
		};
		5F4732C8ACBE23B480B330A3 /* Pods */ = {
			isa = PBXGroup;
			children = (
				E8C123CA15B888CB7F96DE4E /* Pods-Technical Exam FCDI.debug.xcconfig */,
				E71FB6E58E8EED16E293CC23 /* Pods-Technical Exam FCDI.release.xcconfig */,
			);
			path = Pods;
			sourceTree = "<group>";
		};
/* End PBXGroup section */

/* Begin PBXNativeTarget section */
		5A2F332A2D76F78000A8864F /* Technical Exam FCDI */ = {
			isa = PBXNativeTarget;
			buildConfigurationList = 5A2F333F2D76F78200A8864F /* Build configuration list for PBXNativeTarget "Technical Exam FCDI" */;
			buildPhases = (
				C839AD6F2430D5C0D090A4F3 /* [CP] Check Pods Manifest.lock */,
				5A2F33272D76F78000A8864F /* Sources */,
				5A2F33282D76F78000A8864F /* Frameworks */,
				5A2F33292D76F78000A8864F /* Resources */,
				676EFD4430079D3F02AF2447 /* [CP] Embed Pods Frameworks */,
			);
			buildRules = (
			);
			dependencies = (
			);
			name = "Technical Exam FCDI";
			productName = "Technical Exam FCDI";
			productReference = 5A2F332B2D76F78000A8864F /* Technical Exam FCDI.app */;
			productType = "com.apple.product-type.application";
		};
/* End PBXNativeTarget section */

/* Begin PBXProject section */
		5A2F33232D76F78000A8864F /* Project object */ = {
			isa = PBXProject;
			attributes = {
				BuildIndependentTargetsInParallel = 1;
				LastSwiftUpdateCheck = 1510;
				LastUpgradeCheck = 1510;
				TargetAttributes = {
					5A2F332A2D76F78000A8864F = {
						CreatedOnToolsVersion = 15.1;
					};
				};
			};
			buildConfigurationList = 5A2F33262D76F78000A8864F /* Build configuration list for PBXProject "Technical Exam FCDI" */;
			compatibilityVersion = "Xcode 14.0";
			developmentRegion = en;
			hasScannedForEncodings = 0;
			knownRegions = (
				en,
				Base,
			);
			mainGroup = 5A2F33222D76F78000A8864F;
			productRefGroup = 5A2F332C2D76F78000A8864F /* Products */;
			projectDirPath = "";
			projectRoot = "";
			targets = (
				5A2F332A2D76F78000A8864F /* Technical Exam FCDI */,
			);
		};
/* End PBXProject section */

/* Begin PBXResourcesBuildPhase section */
		5A2F33292D76F78000A8864F /* Resources */ = {
			isa = PBXResourcesBuildPhase;
			buildActionMask = 2147483647;
			files = (
				5A2F333B2D76F78200A8864F /* LaunchScreen.storyboard in Resources */,
				5A2F33382D76F78200A8864F /* Assets.xcassets in Resources */,
				5A2F33362D76F78000A8864F /* Main.storyboard in Resources */,
			);
			runOnlyForDeploymentPostprocessing = 0;
		};
/* End PBXResourcesBuildPhase section */

/* Begin PBXShellScriptBuildPhase section */
		676EFD4430079D3F02AF2447 /* [CP] Embed Pods Frameworks */ = {
			isa = PBXShellScriptBuildPhase;
			buildActionMask = 2147483647;
			files = (
			);
			inputFileListPaths = (
				"${PODS_ROOT}/Target Support Files/Pods-Technical Exam FCDI/Pods-Technical Exam FCDI-frameworks-${CONFIGURATION}-input-files.xcfilelist",
			);
			name = "[CP] Embed Pods Frameworks";
			outputFileListPaths = (
				"${PODS_ROOT}/Target Support Files/Pods-Technical Exam FCDI/Pods-Technical Exam FCDI-frameworks-${CONFIGURATION}-output-files.xcfilelist",
			);
			runOnlyForDeploymentPostprocessing = 0;
			shellPath = /bin/sh;
			shellScript = "\"${PODS_ROOT}/Target Support Files/Pods-Technical Exam FCDI/Pods-Technical Exam FCDI-frameworks.sh\"\n";
			showEnvVarsInLog = 0;
		};
		C839AD6F2430D5C0D090A4F3 /* [CP] Check Pods Manifest.lock */ = {
			isa = PBXShellScriptBuildPhase;
			buildActionMask = 2147483647;
			files = (
			);
			inputFileListPaths = (
			);
			inputPaths = (
				"${PODS_PODFILE_DIR_PATH}/Podfile.lock",
				"${PODS_ROOT}/Manifest.lock",
			);
			name = "[CP] Check Pods Manifest.lock";
			outputFileListPaths = (
			);
			outputPaths = (
				"$(DERIVED_FILE_DIR)/Pods-Technical Exam FCDI-checkManifestLockResult.txt",
			);
			runOnlyForDeploymentPostprocessing = 0;
			shellPath = /bin/sh;
			shellScript = "diff \"${PODS_PODFILE_DIR_PATH}/Podfile.lock\" \"${PODS_ROOT}/Manifest.lock\" > /dev/null\nif [ $? != 0 ] ; then\n    # print error to STDERR\n    echo \"error: The sandbox is not in sync with the Podfile.lock. Run 'pod install' or update your CocoaPods installation.\" >&2\n    exit 1\nfi\n# This output is used by Xcode 'outputs' to avoid re-running this script phase.\necho \"SUCCESS\" > \"${SCRIPT_OUTPUT_FILE_0}\"\n";
			showEnvVarsInLog = 0;
		};
/* End PBXShellScriptBuildPhase section */

/* Begin PBXSourcesBuildPhase section */
		5A2F33272D76F78000A8864F /* Sources */ = {
			isa = PBXSourcesBuildPhase;
			buildActionMask = 2147483647;
			files = (
				5A2F33332D76F78000A8864F /* UserDetailsViewController.swift in Sources */,
				5A2F332F2D76F78000A8864F /* AppDelegate.swift in Sources */,
				5A2CA48D2D76FA27001987BF /* UserDetailsInputFieldView.swift in Sources */,
				5A2F33312D76F78000A8864F /* SceneDelegate.swift in Sources */,
			);
			runOnlyForDeploymentPostprocessing = 0;
		};
/* End PBXSourcesBuildPhase section */

/* Begin PBXVariantGroup section */
		5A2F33342D76F78000A8864F /* Main.storyboard */ = {
			isa = PBXVariantGroup;
			children = (
				5A2F33352D76F78000A8864F /* Base */,
			);
			name = Main.storyboard;
			sourceTree = "<group>";
		};
		5A2F33392D76F78200A8864F /* LaunchScreen.storyboard */ = {
			isa = PBXVariantGroup;
			children = (
				5A2F333A2D76F78200A8864F /* Base */,
			);
			name = LaunchScreen.storyboard;
			sourceTree = "<group>";
		};
/* End PBXVariantGroup section */

/* Begin XCBuildConfiguration section */
		5A2F333D2D76F78200A8864F /* Debug */ = {
			isa = XCBuildConfiguration;
			buildSettings = {
				ALWAYS_SEARCH_USER_PATHS = NO;
				ASSETCATALOG_COMPILER_GENERATE_SWIFT_ASSET_SYMBOL_EXTENSIONS = YES;
				CLANG_ANALYZER_NONNULL = YES;
				CLANG_ANALYZER_NUMBER_OBJECT_CONVERSION = YES_AGGRESSIVE;
				CLANG_CXX_LANGUAGE_STANDARD = "gnu++20";
				CLANG_ENABLE_MODULES = YES;
				CLANG_ENABLE_OBJC_ARC = YES;
				CLANG_ENABLE_OBJC_WEAK = YES;
				CLANG_WARN_BLOCK_CAPTURE_AUTORELEASING = YES;
				CLANG_WARN_BOOL_CONVERSION = YES;
				CLANG_WARN_COMMA = YES;
				CLANG_WARN_CONSTANT_CONVERSION = YES;
				CLANG_WARN_DEPRECATED_OBJC_IMPLEMENTATIONS = YES;
				CLANG_WARN_DIRECT_OBJC_ISA_USAGE = YES_ERROR;
				CLANG_WARN_DOCUMENTATION_COMMENTS = YES;
				CLANG_WARN_EMPTY_BODY = YES;
				CLANG_WARN_ENUM_CONVERSION = YES;
				CLANG_WARN_INFINITE_RECURSION = YES;
				CLANG_WARN_INT_CONVERSION = YES;
				CLANG_WARN_NON_LITERAL_NULL_CONVERSION = YES;
				CLANG_WARN_OBJC_IMPLICIT_RETAIN_SELF = YES;
				CLANG_WARN_OBJC_LITERAL_CONVERSION = YES;
				CLANG_WARN_OBJC_ROOT_CLASS = YES_ERROR;
				CLANG_WARN_QUOTED_INCLUDE_IN_FRAMEWORK_HEADER = YES;
				CLANG_WARN_RANGE_LOOP_ANALYSIS = YES;
				CLANG_WARN_STRICT_PROTOTYPES = YES;
				CLANG_WARN_SUSPICIOUS_MOVE = YES;
				CLANG_WARN_UNGUARDED_AVAILABILITY = YES_AGGRESSIVE;
				CLANG_WARN_UNREACHABLE_CODE = YES;
				CLANG_WARN__DUPLICATE_METHOD_MATCH = YES;
				COPY_PHASE_STRIP = NO;
				DEBUG_INFORMATION_FORMAT = dwarf;
				ENABLE_STRICT_OBJC_MSGSEND = YES;
				ENABLE_TESTABILITY = YES;
				ENABLE_USER_SCRIPT_SANDBOXING = YES;
				GCC_C_LANGUAGE_STANDARD = gnu17;
				GCC_DYNAMIC_NO_PIC = NO;
				GCC_NO_COMMON_BLOCKS = YES;
				GCC_OPTIMIZATION_LEVEL = 0;
				GCC_PREPROCESSOR_DEFINITIONS = (
					"DEBUG=1",
					"$(inherited)",
				);
				GCC_WARN_64_TO_32_BIT_CONVERSION = YES;
				GCC_WARN_ABOUT_RETURN_TYPE = YES_ERROR;
				GCC_WARN_UNDECLARED_SELECTOR = YES;
				GCC_WARN_UNINITIALIZED_AUTOS = YES_AGGRESSIVE;
				GCC_WARN_UNUSED_FUNCTION = YES;
				GCC_WARN_UNUSED_VARIABLE = YES;
				IPHONEOS_DEPLOYMENT_TARGET = 17.2;
				LOCALIZATION_PREFERS_STRING_CATALOGS = YES;
				MTL_ENABLE_DEBUG_INFO = INCLUDE_SOURCE;
				MTL_FAST_MATH = YES;
				ONLY_ACTIVE_ARCH = YES;
				SDKROOT = iphoneos;
				SWIFT_ACTIVE_COMPILATION_CONDITIONS = "DEBUG $(inherited)";
				SWIFT_OPTIMIZATION_LEVEL = "-Onone";
			};
			name = Debug;
		};
		5A2F333E2D76F78200A8864F /* Release */ = {
			isa = XCBuildConfiguration;
			buildSettings = {
				ALWAYS_SEARCH_USER_PATHS = NO;
				ASSETCATALOG_COMPILER_GENERATE_SWIFT_ASSET_SYMBOL_EXTENSIONS = YES;
				CLANG_ANALYZER_NONNULL = YES;
				CLANG_ANALYZER_NUMBER_OBJECT_CONVERSION = YES_AGGRESSIVE;
				CLANG_CXX_LANGUAGE_STANDARD = "gnu++20";
				CLANG_ENABLE_MODULES = YES;
				CLANG_ENABLE_OBJC_ARC = YES;
				CLANG_ENABLE_OBJC_WEAK = YES;
				CLANG_WARN_BLOCK_CAPTURE_AUTORELEASING = YES;
				CLANG_WARN_BOOL_CONVERSION = YES;
				CLANG_WARN_COMMA = YES;
				CLANG_WARN_CONSTANT_CONVERSION = YES;
				CLANG_WARN_DEPRECATED_OBJC_IMPLEMENTATIONS = YES;
				CLANG_WARN_DIRECT_OBJC_ISA_USAGE = YES_ERROR;
				CLANG_WARN_DOCUMENTATION_COMMENTS = YES;
				CLANG_WARN_EMPTY_BODY = YES;
				CLANG_WARN_ENUM_CONVERSION = YES;
				CLANG_WARN_INFINITE_RECURSION = YES;
				CLANG_WARN_INT_CONVERSION = YES;
				CLANG_WARN_NON_LITERAL_NULL_CONVERSION = YES;
				CLANG_WARN_OBJC_IMPLICIT_RETAIN_SELF = YES;
				CLANG_WARN_OBJC_LITERAL_CONVERSION = YES;
				CLANG_WARN_OBJC_ROOT_CLASS = YES_ERROR;
				CLANG_WARN_QUOTED_INCLUDE_IN_FRAMEWORK_HEADER = YES;
				CLANG_WARN_RANGE_LOOP_ANALYSIS = YES;
				CLANG_WARN_STRICT_PROTOTYPES = YES;
				CLANG_WARN_SUSPICIOUS_MOVE = YES;
				CLANG_WARN_UNGUARDED_AVAILABILITY = YES_AGGRESSIVE;
				CLANG_WARN_UNREACHABLE_CODE = YES;
				CLANG_WARN__DUPLICATE_METHOD_MATCH = YES;
				COPY_PHASE_STRIP = NO;
				DEBUG_INFORMATION_FORMAT = "dwarf-with-dsym";
				ENABLE_NS_ASSERTIONS = NO;
				ENABLE_STRICT_OBJC_MSGSEND = YES;
				ENABLE_USER_SCRIPT_SANDBOXING = YES;
				GCC_C_LANGUAGE_STANDARD = gnu17;
				GCC_NO_COMMON_BLOCKS = YES;
				GCC_WARN_64_TO_32_BIT_CONVERSION = YES;
				GCC_WARN_ABOUT_RETURN_TYPE = YES_ERROR;
				GCC_WARN_UNDECLARED_SELECTOR = YES;
				GCC_WARN_UNINITIALIZED_AUTOS = YES_AGGRESSIVE;
				GCC_WARN_UNUSED_FUNCTION = YES;
				GCC_WARN_UNUSED_VARIABLE = YES;
				IPHONEOS_DEPLOYMENT_TARGET = 17.2;
				LOCALIZATION_PREFERS_STRING_CATALOGS = YES;
				MTL_ENABLE_DEBUG_INFO = NO;
				MTL_FAST_MATH = YES;
				SDKROOT = iphoneos;
				SWIFT_COMPILATION_MODE = wholemodule;
				VALIDATE_PRODUCT = YES;
			};
			name = Release;
		};
		5A2F33402D76F78200A8864F /* Debug */ = {
			isa = XCBuildConfiguration;
			baseConfigurationReference = E8C123CA15B888CB7F96DE4E /* Pods-Technical Exam FCDI.debug.xcconfig */;
			buildSettings = {
				ASSETCATALOG_COMPILER_APPICON_NAME = AppIcon;
				ASSETCATALOG_COMPILER_GLOBAL_ACCENT_COLOR_NAME = AccentColor;
				CODE_SIGN_STYLE = Automatic;
				CURRENT_PROJECT_VERSION = 1;
				GENERATE_INFOPLIST_FILE = YES;
				INFOPLIST_FILE = "Technical Exam FCDI/Info.plist";
				INFOPLIST_KEY_UIApplicationSupportsIndirectInputEvents = YES;
				INFOPLIST_KEY_UILaunchStoryboardName = LaunchScreen;
				INFOPLIST_KEY_UIMainStoryboardFile = Main;
				INFOPLIST_KEY_UISupportedInterfaceOrientations_iPad = "UIInterfaceOrientationPortrait UIInterfaceOrientationPortraitUpsideDown UIInterfaceOrientationLandscapeLeft UIInterfaceOrientationLandscapeRight";
				INFOPLIST_KEY_UISupportedInterfaceOrientations_iPhone = "UIInterfaceOrientationPortrait UIInterfaceOrientationLandscapeLeft UIInterfaceOrientationLandscapeRight";
				LD_RUNPATH_SEARCH_PATHS = (
					"$(inherited)",
					"@executable_path/Frameworks",
				);
				MARKETING_VERSION = 1.0;
				PRODUCT_BUNDLE_IDENTIFIER = "jasper.Technical-Exam-FCDI";
				PRODUCT_NAME = "$(TARGET_NAME)";
				SWIFT_EMIT_LOC_STRINGS = YES;
				SWIFT_VERSION = 5.0;
				TARGETED_DEVICE_FAMILY = "1,2";
			};
			name = Debug;
		};
		5A2F33412D76F78200A8864F /* Release */ = {
			isa = XCBuildConfiguration;
			baseConfigurationReference = E71FB6E58E8EED16E293CC23 /* Pods-Technical Exam FCDI.release.xcconfig */;
			buildSettings = {
				ASSETCATALOG_COMPILER_APPICON_NAME = AppIcon;
				ASSETCATALOG_COMPILER_GLOBAL_ACCENT_COLOR_NAME = AccentColor;
				CODE_SIGN_STYLE = Automatic;
				CURRENT_PROJECT_VERSION = 1;
				GENERATE_INFOPLIST_FILE = YES;
				INFOPLIST_FILE = "Technical Exam FCDI/Info.plist";
				INFOPLIST_KEY_UIApplicationSupportsIndirectInputEvents = YES;
				INFOPLIST_KEY_UILaunchStoryboardName = LaunchScreen;
				INFOPLIST_KEY_UIMainStoryboardFile = Main;
				INFOPLIST_KEY_UISupportedInterfaceOrientations_iPad = "UIInterfaceOrientationPortrait UIInterfaceOrientationPortraitUpsideDown UIInterfaceOrientationLandscapeLeft UIInterfaceOrientationLandscapeRight";
				INFOPLIST_KEY_UISupportedInterfaceOrientations_iPhone = "UIInterfaceOrientationPortrait UIInterfaceOrientationLandscapeLeft UIInterfaceOrientationLandscapeRight";
				LD_RUNPATH_SEARCH_PATHS = (
					"$(inherited)",
					"@executable_path/Frameworks",
				);
				MARKETING_VERSION = 1.0;
				PRODUCT_BUNDLE_IDENTIFIER = "jasper.Technical-Exam-FCDI";
				PRODUCT_NAME = "$(TARGET_NAME)";
				SWIFT_EMIT_LOC_STRINGS = YES;
				SWIFT_VERSION = 5.0;
				TARGETED_DEVICE_FAMILY = "1,2";
			};
			name = Release;
		};
/* End XCBuildConfiguration section */

/* Begin XCConfigurationList section */
		5A2F33262D76F78000A8864F /* Build configuration list for PBXProject "Technical Exam FCDI" */ = {
			isa = XCConfigurationList;
			buildConfigurations = (
				5A2F333D2D76F78200A8864F /* Debug */,
				5A2F333E2D76F78200A8864F /* Release */,
			);
			defaultConfigurationIsVisible = 0;
			defaultConfigurationName = Release;
		};
		5A2F333F2D76F78200A8864F /* Build configuration list for PBXNativeTarget "Technical Exam FCDI" */ = {
			isa = XCConfigurationList;
			buildConfigurations = (
				5A2F33402D76F78200A8864F /* Debug */,
				5A2F33412D76F78200A8864F /* Release */,
			);
			defaultConfigurationIsVisible = 0;
			defaultConfigurationName = Release;
		};
/* End XCConfigurationList section */
	};
	rootObject = 5A2F33232D76F78000A8864F /* Project object */;
}
